// !$*UTF8*$!
{
	archiveVersion = 1;
	classes = {
	};
	objectVersion = 46;
	objects = {

/* Begin PBXBuildFile section */
		E4942E301D5F551C00564126 /* main.m in Sources */ = {isa = PBXBuildFile; fileRef = E4942E2F1D5F551C00564126 /* main.m */; };
		E4942E331D5F551C00564126 /* AppDelegate.m in Sources */ = {isa = PBXBuildFile; fileRef = E4942E321D5F551C00564126 /* AppDelegate.m */; };
		E4942E361D5F551C00564126 /* ViewController.m in Sources */ = {isa = PBXBuildFile; fileRef = E4942E351D5F551C00564126 /* ViewController.m */; };
		E4942E391D5F551C00564126 /* Main.storyboard in Resources */ = {isa = PBXBuildFile; fileRef = E4942E371D5F551C00564126 /* Main.storyboard */; };
		E4942E3B1D5F551C00564126 /* Assets.xcassets in Resources */ = {isa = PBXBuildFile; fileRef = E4942E3A1D5F551C00564126 /* Assets.xcassets */; };
		E4942E3E1D5F551C00564126 /* LaunchScreen.storyboard in Resources */ = {isa = PBXBuildFile; fileRef = E4942E3C1D5F551C00564126 /* LaunchScreen.storyboard */; };
		E4942E491D5F551C00564126 /* Example_OCTests.m in Sources */ = {isa = PBXBuildFile; fileRef = E4942E481D5F551C00564126 /* Example_OCTests.m */; };
		E4942E541D5F551D00564126 /* Example_OCUITests.m in Sources */ = {isa = PBXBuildFile; fileRef = E4942E531D5F551D00564126 /* Example_OCUITests.m */; };
		E4942E661D5F554C00564126 /* DWPickerTableView.m in Sources */ = {isa = PBXBuildFile; fileRef = E4942E631D5F554C00564126 /* DWPickerTableView.m */; };
		E4942E671D5F554C00564126 /* DWPickerView.m in Sources */ = {isa = PBXBuildFile; fileRef = E4942E651D5F554C00564126 /* DWPickerView.m */; };
/* End PBXBuildFile section */

/* Begin PBXContainerItemProxy section */
		E4942E451D5F551C00564126 /* PBXContainerItemProxy */ = {
			isa = PBXContainerItemProxy;
			containerPortal = E4942E231D5F551C00564126 /* Project object */;
			proxyType = 1;
			remoteGlobalIDString = E4942E2A1D5F551C00564126;
			remoteInfo = "Example-OC";
		};
		E4942E501D5F551D00564126 /* PBXContainerItemProxy */ = {
			isa = PBXContainerItemProxy;
			containerPortal = E4942E231D5F551C00564126 /* Project object */;
			proxyType = 1;
			remoteGlobalIDString = E4942E2A1D5F551C00564126;
			remoteInfo = "Example-OC";
		};
/* End PBXContainerItemProxy section */

/* Begin PBXFileReference section */
		E4942E2B1D5F551C00564126 /* Example-OC.app */ = {isa = PBXFileReference; explicitFileType = wrapper.application; includeInIndex = 0; path = "Example-OC.app"; sourceTree = BUILT_PRODUCTS_DIR; };
		E4942E2F1D5F551C00564126 /* main.m */ = {isa = PBXFileReference; lastKnownFileType = sourcecode.c.objc; path = main.m; sourceTree = "<group>"; };
		E4942E311D5F551C00564126 /* AppDelegate.h */ = {isa = PBXFileReference; lastKnownFileType = sourcecode.c.h; path = AppDelegate.h; sourceTree = "<group>"; };
		E4942E321D5F551C00564126 /* AppDelegate.m */ = {isa = PBXFileReference; lastKnownFileType = sourcecode.c.objc; path = AppDelegate.m; sourceTree = "<group>"; };
		E4942E341D5F551C00564126 /* ViewController.h */ = {isa = PBXFileReference; lastKnownFileType = sourcecode.c.h; path = ViewController.h; sourceTree = "<group>"; };
		E4942E351D5F551C00564126 /* ViewController.m */ = {isa = PBXFileReference; lastKnownFileType = sourcecode.c.objc; path = ViewController.m; sourceTree = "<group>"; };
		E4942E381D5F551C00564126 /* Base */ = {isa = PBXFileReference; lastKnownFileType = file.storyboard; name = Base; path = Base.lproj/Main.storyboard; sourceTree = "<group>"; };
		E4942E3A1D5F551C00564126 /* Assets.xcassets */ = {isa = PBXFileReference; lastKnownFileType = folder.assetcatalog; path = Assets.xcassets; sourceTree = "<group>"; };
		E4942E3D1D5F551C00564126 /* Base */ = {isa = PBXFileReference; lastKnownFileType = file.storyboard; name = Base; path = Base.lproj/LaunchScreen.storyboard; sourceTree = "<group>"; };
		E4942E3F1D5F551C00564126 /* Info.plist */ = {isa = PBXFileReference; lastKnownFileType = text.plist.xml; path = Info.plist; sourceTree = "<group>"; };
		E4942E441D5F551C00564126 /* Example-OCTests.xctest */ = {isa = PBXFileReference; explicitFileType = wrapper.cfbundle; includeInIndex = 0; path = "Example-OCTests.xctest"; sourceTree = BUILT_PRODUCTS_DIR; };
		E4942E481D5F551C00564126 /* Example_OCTests.m */ = {isa = PBXFileReference; lastKnownFileType = sourcecode.c.objc; path = Example_OCTests.m; sourceTree = "<group>"; };
		E4942E4A1D5F551C00564126 /* Info.plist */ = {isa = PBXFileReference; lastKnownFileType = text.plist.xml; path = Info.plist; sourceTree = "<group>"; };
		E4942E4F1D5F551D00564126 /* Example-OCUITests.xctest */ = {isa = PBXFileReference; explicitFileType = wrapper.cfbundle; includeInIndex = 0; path = "Example-OCUITests.xctest"; sourceTree = BUILT_PRODUCTS_DIR; };
		E4942E531D5F551D00564126 /* Example_OCUITests.m */ = {isa = PBXFileReference; lastKnownFileType = sourcecode.c.objc; path = Example_OCUITests.m; sourceTree = "<group>"; };
		E4942E551D5F551D00564126 /* Info.plist */ = {isa = PBXFileReference; lastKnownFileType = text.plist.xml; path = Info.plist; sourceTree = "<group>"; };
		E4942E621D5F554C00564126 /* DWPickerTableView.h */ = {isa = PBXFileReference; fileEncoding = 4; lastKnownFileType = sourcecode.c.h; path = DWPickerTableView.h; sourceTree = "<group>"; };
		E4942E631D5F554C00564126 /* DWPickerTableView.m */ = {isa = PBXFileReference; fileEncoding = 4; lastKnownFileType = sourcecode.c.objc; path = DWPickerTableView.m; sourceTree = "<group>"; };
		E4942E641D5F554C00564126 /* DWPickerView.h */ = {isa = PBXFileReference; fileEncoding = 4; lastKnownFileType = sourcecode.c.h; path = DWPickerView.h; sourceTree = "<group>"; };
		E4942E651D5F554C00564126 /* DWPickerView.m */ = {isa = PBXFileReference; fileEncoding = 4; lastKnownFileType = sourcecode.c.objc; path = DWPickerView.m; sourceTree = "<group>"; };
/* End PBXFileReference section */

/* Begin PBXFrameworksBuildPhase section */
		E4942E281D5F551C00564126 /* Frameworks */ = {
			isa = PBXFrameworksBuildPhase;
			buildActionMask = 2147483647;
			files = (
			);
			runOnlyForDeploymentPostprocessing = 0;
		};
		E4942E411D5F551C00564126 /* Frameworks */ = {
			isa = PBXFrameworksBuildPhase;
			buildActionMask = 2147483647;
			files = (
			);
			runOnlyForDeploymentPostprocessing = 0;
		};
		E4942E4C1D5F551D00564126 /* Frameworks */ = {
			isa = PBXFrameworksBuildPhase;
			buildActionMask = 2147483647;
			files = (
			);
			runOnlyForDeploymentPostprocessing = 0;
		};
/* End PBXFrameworksBuildPhase section */

/* Begin PBXGroup section */
		E4942E221D5F551C00564126 = {
			isa = PBXGroup;
			children = (
				E4942E2D1D5F551C00564126 /* Example-OC */,
				E4942E471D5F551C00564126 /* Example-OCTests */,
				E4942E521D5F551D00564126 /* Example-OCUITests */,
				E4942E2C1D5F551C00564126 /* Products */,
			);
			sourceTree = "<group>";
		};
		E4942E2C1D5F551C00564126 /* Products */ = {
			isa = PBXGroup;
			children = (
				E4942E2B1D5F551C00564126 /* Example-OC.app */,
				E4942E441D5F551C00564126 /* Example-OCTests.xctest */,
				E4942E4F1D5F551D00564126 /* Example-OCUITests.xctest */,
			);
			name = Products;
			sourceTree = "<group>";
		};
		E4942E2D1D5F551C00564126 /* Example-OC */ = {
			isa = PBXGroup;
			children = (
				E4942E611D5F554C00564126 /* DWPickerView */,
				E4942E311D5F551C00564126 /* AppDelegate.h */,
				E4942E321D5F551C00564126 /* AppDelegate.m */,
				E4942E341D5F551C00564126 /* ViewController.h */,
				E4942E351D5F551C00564126 /* ViewController.m */,
				E4942E371D5F551C00564126 /* Main.storyboard */,
				E4942E3A1D5F551C00564126 /* Assets.xcassets */,
				E4942E3C1D5F551C00564126 /* LaunchScreen.storyboard */,
				E4942E3F1D5F551C00564126 /* Info.plist */,
				E4942E2E1D5F551C00564126 /* Supporting Files */,
			);
			path = "Example-OC";
			sourceTree = "<group>";
		};
		E4942E2E1D5F551C00564126 /* Supporting Files */ = {
			isa = PBXGroup;
			children = (
				E4942E2F1D5F551C00564126 /* main.m */,
			);
			name = "Supporting Files";
			sourceTree = "<group>";
		};
		E4942E471D5F551C00564126 /* Example-OCTests */ = {
			isa = PBXGroup;
			children = (
				E4942E481D5F551C00564126 /* Example_OCTests.m */,
				E4942E4A1D5F551C00564126 /* Info.plist */,
			);
			path = "Example-OCTests";
			sourceTree = "<group>";
		};
		E4942E521D5F551D00564126 /* Example-OCUITests */ = {
			isa = PBXGroup;
			children = (
				E4942E531D5F551D00564126 /* Example_OCUITests.m */,
				E4942E551D5F551D00564126 /* Info.plist */,
			);
			path = "Example-OCUITests";
			sourceTree = "<group>";
		};
		E4942E611D5F554C00564126 /* DWPickerView */ = {
			isa = PBXGroup;
			children = (
				E4942E621D5F554C00564126 /* DWPickerTableView.h */,
				E4942E631D5F554C00564126 /* DWPickerTableView.m */,
				E4942E641D5F554C00564126 /* DWPickerView.h */,
				E4942E651D5F554C00564126 /* DWPickerView.m */,
			);
			name = DWPickerView;
			path = ../../DWPickerView;
			sourceTree = "<group>";
		};
/* End PBXGroup section */

/* Begin PBXNativeTarget section */
		E4942E2A1D5F551C00564126 /* Example-OC */ = {
			isa = PBXNativeTarget;
			buildConfigurationList = E4942E581D5F551D00564126 /* Build configuration list for PBXNativeTarget "Example-OC" */;
			buildPhases = (
				E4942E271D5F551C00564126 /* Sources */,
				E4942E281D5F551C00564126 /* Frameworks */,
				E4942E291D5F551C00564126 /* Resources */,
			);
			buildRules = (
			);
			dependencies = (
			);
			name = "Example-OC";
			productName = "Example-OC";
			productReference = E4942E2B1D5F551C00564126 /* Example-OC.app */;
			productType = "com.apple.product-type.application";
		};
		E4942E431D5F551C00564126 /* Example-OCTests */ = {
			isa = PBXNativeTarget;
			buildConfigurationList = E4942E5B1D5F551D00564126 /* Build configuration list for PBXNativeTarget "Example-OCTests" */;
			buildPhases = (
				E4942E401D5F551C00564126 /* Sources */,
				E4942E411D5F551C00564126 /* Frameworks */,
				E4942E421D5F551C00564126 /* Resources */,
			);
			buildRules = (
			);
			dependencies = (
				E4942E461D5F551C00564126 /* PBXTargetDependency */,
			);
			name = "Example-OCTests";
			productName = "Example-OCTests";
			productReference = E4942E441D5F551C00564126 /* Example-OCTests.xctest */;
			productType = "com.apple.product-type.bundle.unit-test";
		};
		E4942E4E1D5F551D00564126 /* Example-OCUITests */ = {
			isa = PBXNativeTarget;
			buildConfigurationList = E4942E5E1D5F551D00564126 /* Build configuration list for PBXNativeTarget "Example-OCUITests" */;
			buildPhases = (
				E4942E4B1D5F551D00564126 /* Sources */,
				E4942E4C1D5F551D00564126 /* Frameworks */,
				E4942E4D1D5F551D00564126 /* Resources */,
			);
			buildRules = (
			);
			dependencies = (
				E4942E511D5F551D00564126 /* PBXTargetDependency */,
			);
			name = "Example-OCUITests";
			productName = "Example-OCUITests";
			productReference = E4942E4F1D5F551D00564126 /* Example-OCUITests.xctest */;
			productType = "com.apple.product-type.bundle.ui-testing";
		};
/* End PBXNativeTarget section */

/* Begin PBXProject section */
		E4942E231D5F551C00564126 /* Project object */ = {
			isa = PBXProject;
			attributes = {
				LastUpgradeCheck = 0730;
				ORGANIZATIONNAME = damon;
				TargetAttributes = {
					E4942E2A1D5F551C00564126 = {
						CreatedOnToolsVersion = 7.3.1;
					};
					E4942E431D5F551C00564126 = {
						CreatedOnToolsVersion = 7.3.1;
						TestTargetID = E4942E2A1D5F551C00564126;
					};
					E4942E4E1D5F551D00564126 = {
						CreatedOnToolsVersion = 7.3.1;
						TestTargetID = E4942E2A1D5F551C00564126;
					};
				};
			};
			buildConfigurationList = E4942E261D5F551C00564126 /* Build configuration list for PBXProject "Example-OC" */;
			compatibilityVersion = "Xcode 3.2";
			developmentRegion = English;
			hasScannedForEncodings = 0;
			knownRegions = (
				en,
				Base,
			);
			mainGroup = E4942E221D5F551C00564126;
			productRefGroup = E4942E2C1D5F551C00564126 /* Products */;
			projectDirPath = "";
			projectRoot = "";
			targets = (
				E4942E2A1D5F551C00564126 /* Example-OC */,
				E4942E431D5F551C00564126 /* Example-OCTests */,
				E4942E4E1D5F551D00564126 /* Example-OCUITests */,
			);
		};
/* End PBXProject section */

/* Begin PBXResourcesBuildPhase section */
		E4942E291D5F551C00564126 /* Resources */ = {
			isa = PBXResourcesBuildPhase;
			buildActionMask = 2147483647;
			files = (
				E4942E3E1D5F551C00564126 /* LaunchScreen.storyboard in Resources */,
				E4942E3B1D5F551C00564126 /* Assets.xcassets in Resources */,
				E4942E391D5F551C00564126 /* Main.storyboard in Resources */,
			);
			runOnlyForDeploymentPostprocessing = 0;
		};
		E4942E421D5F551C00564126 /* Resources */ = {
			isa = PBXResourcesBuildPhase;
			buildActionMask = 2147483647;
			files = (
			);
			runOnlyForDeploymentPostprocessing = 0;
		};
		E4942E4D1D5F551D00564126 /* Resources */ = {
			isa = PBXResourcesBuildPhase;
			buildActionMask = 2147483647;
			files = (
			);
			runOnlyForDeploymentPostprocessing = 0;
		};
/* End PBXResourcesBuildPhase section */

/* Begin PBXSourcesBuildPhase section */
		E4942E271D5F551C00564126 /* Sources */ = {
			isa = PBXSourcesBuildPhase;
			buildActionMask = 2147483647;
			files = (
				E4942E361D5F551C00564126 /* ViewController.m in Sources */,
				E4942E671D5F554C00564126 /* DWPickerView.m in Sources */,
				E4942E331D5F551C00564126 /* AppDelegate.m in Sources */,
				E4942E661D5F554C00564126 /* DWPickerTableView.m in Sources */,
				E4942E301D5F551C00564126 /* main.m in Sources */,
			);
			runOnlyForDeploymentPostprocessing = 0;
		};
		E4942E401D5F551C00564126 /* Sources */ = {
			isa = PBXSourcesBuildPhase;
			buildActionMask = 2147483647;
			files = (
				E4942E491D5F551C00564126 /* Example_OCTests.m in Sources */,
			);
			runOnlyForDeploymentPostprocessing = 0;
		};
		E4942E4B1D5F551D00564126 /* Sources */ = {
			isa = PBXSourcesBuildPhase;
			buildActionMask = 2147483647;
			files = (
				E4942E541D5F551D00564126 /* Example_OCUITests.m in Sources */,
			);
			runOnlyForDeploymentPostprocessing = 0;
		};
/* End PBXSourcesBuildPhase section */

/* Begin PBXTargetDependency section */
		E4942E461D5F551C00564126 /* PBXTargetDependency */ = {
			isa = PBXTargetDependency;
			target = E4942E2A1D5F551C00564126 /* Example-OC */;
			targetProxy = E4942E451D5F551C00564126 /* PBXContainerItemProxy */;
		};
		E4942E511D5F551D00564126 /* PBXTargetDependency */ = {
			isa = PBXTargetDependency;
			target = E4942E2A1D5F551C00564126 /* Example-OC */;
			targetProxy = E4942E501D5F551D00564126 /* PBXContainerItemProxy */;
		};
/* End PBXTargetDependency section */

/* Begin PBXVariantGroup section */
		E4942E371D5F551C00564126 /* Main.storyboard */ = {
			isa = PBXVariantGroup;
			children = (
				E4942E381D5F551C00564126 /* Base */,
			);
			name = Main.storyboard;
			sourceTree = "<group>";
		};
		E4942E3C1D5F551C00564126 /* LaunchScreen.storyboard */ = {
			isa = PBXVariantGroup;
			children = (
				E4942E3D1D5F551C00564126 /* Base */,
			);
			name = LaunchScreen.storyboard;
			sourceTree = "<group>";
		};
/* End PBXVariantGroup section */

/* Begin XCBuildConfiguration section */
		E4942E561D5F551D00564126 /* Debug */ = {
			isa = XCBuildConfiguration;
			buildSettings = {
				ALWAYS_SEARCH_USER_PATHS = NO;
				CLANG_ANALYZER_NONNULL = YES;
				CLANG_CXX_LANGUAGE_STANDARD = "gnu++0x";
				CLANG_CXX_LIBRARY = "libc++";
				CLANG_ENABLE_MODULES = YES;
				CLANG_ENABLE_OBJC_ARC = YES;
				CLANG_WARN_BOOL_CONVERSION = YES;
				CLANG_WARN_CONSTANT_CONVERSION = YES;
				CLANG_WARN_DIRECT_OBJC_ISA_USAGE = YES_ERROR;
				CLANG_WARN_EMPTY_BODY = YES;
				CLANG_WARN_ENUM_CONVERSION = YES;
				CLANG_WARN_INT_CONVERSION = YES;
				CLANG_WARN_OBJC_ROOT_CLASS = YES_ERROR;
				CLANG_WARN_UNREACHABLE_CODE = YES;
				CLANG_WARN__DUPLICATE_METHOD_MATCH = YES;
				"CODE_SIGN_IDENTITY[sdk=iphoneos*]" = "iPhone Developer";
				COPY_PHASE_STRIP = NO;
				DEBUG_INFORMATION_FORMAT = dwarf;
				ENABLE_STRICT_OBJC_MSGSEND = YES;
				ENABLE_TESTABILITY = YES;
				GCC_C_LANGUAGE_STANDARD = gnu99;
				GCC_DYNAMIC_NO_PIC = NO;
				GCC_NO_COMMON_BLOCKS = YES;
				GCC_OPTIMIZATION_LEVEL = 0;
				GCC_PREPROCESSOR_DEFINITIONS = (
					"DEBUG=1",
					"$(inherited)",
				);
				GCC_WARN_64_TO_32_BIT_CONVERSION = YES;
				GCC_WARN_ABOUT_RETURN_TYPE = YES_ERROR;
				GCC_WARN_UNDECLARED_SELECTOR = YES;
				GCC_WARN_UNINITIALIZED_AUTOS = YES_AGGRESSIVE;
				GCC_WARN_UNUSED_FUNCTION = YES;
				GCC_WARN_UNUSED_VARIABLE = YES;
				IPHONEOS_DEPLOYMENT_TARGET = 9.3;
				MTL_ENABLE_DEBUG_INFO = YES;
				ONLY_ACTIVE_ARCH = YES;
				SDKROOT = iphoneos;
			};
			name = Debug;
		};
		E4942E571D5F551D00564126 /* Release */ = {
			isa = XCBuildConfiguration;
			buildSettings = {
				ALWAYS_SEARCH_USER_PATHS = NO;
				CLANG_ANALYZER_NONNULL = YES;
				CLANG_CXX_LANGUAGE_STANDARD = "gnu++0x";
				CLANG_CXX_LIBRARY = "libc++";
				CLANG_ENABLE_MODULES = YES;
				CLANG_ENABLE_OBJC_ARC = YES;
				CLANG_WARN_BOOL_CONVERSION = YES;
				CLANG_WARN_CONSTANT_CONVERSION = YES;
				CLANG_WARN_DIRECT_OBJC_ISA_USAGE = YES_ERROR;
				CLANG_WARN_EMPTY_BODY = YES;
				CLANG_WARN_ENUM_CONVERSION = YES;
				CLANG_WARN_INT_CONVERSION = YES;
				CLANG_WARN_OBJC_ROOT_CLASS = YES_ERROR;
				CLANG_WARN_UNREACHABLE_CODE = YES;
				CLANG_WARN__DUPLICATE_METHOD_MATCH = YES;
				"CODE_SIGN_IDENTITY[sdk=iphoneos*]" = "iPhone Developer";
				COPY_PHASE_STRIP = NO;
				DEBUG_INFORMATION_FORMAT = "dwarf-with-dsym";
				ENABLE_NS_ASSERTIONS = NO;
				ENABLE_STRICT_OBJC_MSGSEND = YES;
				GCC_C_LANGUAGE_STANDARD = gnu99;
				GCC_NO_COMMON_BLOCKS = YES;
				GCC_WARN_64_TO_32_BIT_CONVERSION = YES;
				GCC_WARN_ABOUT_RETURN_TYPE = YES_ERROR;
				GCC_WARN_UNDECLARED_SELECTOR = YES;
				GCC_WARN_UNINITIALIZED_AUTOS = YES_AGGRESSIVE;
				GCC_WARN_UNUSED_FUNCTION = YES;
				GCC_WARN_UNUSED_VARIABLE = YES;
				IPHONEOS_DEPLOYMENT_TARGET = 9.3;
				MTL_ENABLE_DEBUG_INFO = NO;
				SDKROOT = iphoneos;
				VALIDATE_PRODUCT = YES;
			};
			name = Release;
		};
		E4942E591D5F551D00564126 /* Debug */ = {
			isa = XCBuildConfiguration;
			buildSettings = {
				ASSETCATALOG_COMPILER_APPICON_NAME = AppIcon;
				INFOPLIST_FILE = "Example-OC/Info.plist";
				LD_RUNPATH_SEARCH_PATHS = "$(inherited) @executable_path/Frameworks";
				PRODUCT_BUNDLE_IDENTIFIER = "com.damon.dwpickerview.Example-OC";
				PRODUCT_NAME = "$(TARGET_NAME)";
			};
			name = Debug;
		};
		E4942E5A1D5F551D00564126 /* Release */ = {
			isa = XCBuildConfiguration;
			buildSettings = {
				ASSETCATALOG_COMPILER_APPICON_NAME = AppIcon;
				INFOPLIST_FILE = "Example-OC/Info.plist";
				LD_RUNPATH_SEARCH_PATHS = "$(inherited) @executable_path/Frameworks";
				PRODUCT_BUNDLE_IDENTIFIER = "com.damon.dwpickerview.Example-OC";
				PRODUCT_NAME = "$(TARGET_NAME)";
			};
			name = Release;
		};
		E4942E5C1D5F551D00564126 /* Debug */ = {
			isa = XCBuildConfiguration;
			buildSettings = {
				BUNDLE_LOADER = "$(TEST_HOST)";
				INFOPLIST_FILE = "Example-OCTests/Info.plist";
				LD_RUNPATH_SEARCH_PATHS = "$(inherited) @executable_path/Frameworks @loader_path/Frameworks";
				PRODUCT_BUNDLE_IDENTIFIER = "com.damon.dwpickerview.Example-OCTests";
				PRODUCT_NAME = "$(TARGET_NAME)";
				TEST_HOST = "$(BUILT_PRODUCTS_DIR)/Example-OC.app/Example-OC";
			};
			name = Debug;
		};
		E4942E5D1D5F551D00564126 /* Release */ = {
			isa = XCBuildConfiguration;
			buildSettings = {
				BUNDLE_LOADER = "$(TEST_HOST)";
				INFOPLIST_FILE = "Example-OCTests/Info.plist";
				LD_RUNPATH_SEARCH_PATHS = "$(inherited) @executable_path/Frameworks @loader_path/Frameworks";
				PRODUCT_BUNDLE_IDENTIFIER = "com.damon.dwpickerview.Example-OCTests";
				PRODUCT_NAME = "$(TARGET_NAME)";
				TEST_HOST = "$(BUILT_PRODUCTS_DIR)/Example-OC.app/Example-OC";
			};
			name = Release;
		};
		E4942E5F1D5F551D00564126 /* Debug */ = {
			isa = XCBuildConfiguration;
			buildSettings = {
				INFOPLIST_FILE = "Example-OCUITests/Info.plist";
				LD_RUNPATH_SEARCH_PATHS = "$(inherited) @executable_path/Frameworks @loader_path/Frameworks";
				PRODUCT_BUNDLE_IDENTIFIER = "com.damon.dwpickerview.Example-OCUITests";
				PRODUCT_NAME = "$(TARGET_NAME)";
				TEST_TARGET_NAME = "Example-OC";
			};
			name = Debug;
		};
		E4942E601D5F551D00564126 /* Release */ = {
			isa = XCBuildConfiguration;
			buildSettings = {
				INFOPLIST_FILE = "Example-OCUITests/Info.plist";
				LD_RUNPATH_SEARCH_PATHS = "$(inherited) @executable_path/Frameworks @loader_path/Frameworks";
				PRODUCT_BUNDLE_IDENTIFIER = "com.damon.dwpickerview.Example-OCUITests";
				PRODUCT_NAME = "$(TARGET_NAME)";
				TEST_TARGET_NAME = "Example-OC";
			};
			name = Release;
		};
/* End XCBuildConfiguration section */

/* Begin XCConfigurationList section */
		E4942E261D5F551C00564126 /* Build configuration list for PBXProject "Example-OC" */ = {
			isa = XCConfigurationList;
			buildConfigurations = (
				E4942E561D5F551D00564126 /* Debug */,
				E4942E571D5F551D00564126 /* Release */,
			);
			defaultConfigurationIsVisible = 0;
			defaultConfigurationName = Release;
		};
		E4942E581D5F551D00564126 /* Build configuration list for PBXNativeTarget "Example-OC" */ = {
			isa = XCConfigurationList;
			buildConfigurations = (
				E4942E591D5F551D00564126 /* Debug */,
				E4942E5A1D5F551D00564126 /* Release */,
			);
			defaultConfigurationIsVisible = 0;
		};
		E4942E5B1D5F551D00564126 /* Build configuration list for PBXNativeTarget "Example-OCTests" */ = {
			isa = XCConfigurationList;
			buildConfigurations = (
				E4942E5C1D5F551D00564126 /* Debug */,
				E4942E5D1D5F551D00564126 /* Release */,
			);
			defaultConfigurationIsVisible = 0;
		};
		E4942E5E1D5F551D00564126 /* Build configuration list for PBXNativeTarget "Example-OCUITests" */ = {
			isa = XCConfigurationList;
			buildConfigurations = (
				E4942E5F1D5F551D00564126 /* Debug */,
				E4942E601D5F551D00564126 /* Release */,
			);
			defaultConfigurationIsVisible = 0;
		};
/* End XCConfigurationList section */
	};
	rootObject = E4942E231D5F551C00564126 /* Project object */;
}
